
Microsoft Visual Studio Solution File, Format Version 12.00
# Visual Studio Version 16
VisualStudioVersion = 16.0.31025.194
MinimumVisualStudioVersion = 10.0.40219.1
Project("{FAE04EC0-301F-11D3-BF4B-00C04F79EFBC}") = "CriadoresCaes_tA_B", "CriadoresCaes_tA_B\CriadoresCaes_tA_B.csproj", "{0A61996C-DBAC-4B36-A0CA-2D17AF3FAA38}"
EndProject
Global
	GlobalSection(SolutionConfigurationPlatforms) = preSolution
		Debug|Any CPU = Debug|Any CPU
		Release|Any CPU = Release|Any CPU
	EndGlobalSection
	GlobalSection(ProjectConfigurationPlatforms) = postSolution
		{0A61996C-DBAC-4B36-A0CA-2D17AF3FAA38}.Debug|Any CPU.ActiveCfg = Debug|Any CPU
		{0A61996C-DBAC-4B36-A0CA-2D17AF3FAA38}.Debug|Any CPU.Build.0 = Debug|Any CPU
		{0A61996C-DBAC-4B36-A0CA-2D17AF3FAA38}.Release|Any CPU.ActiveCfg = Release|Any CPU
		{0A61996C-DBAC-4B36-A0CA-2D17AF3FAA38}.Release|Any CPU.Build.0 = Release|Any CPU
	EndGlobalSection
	GlobalSection(SolutionProperties) = preSolution
		HideSolutionNode = FALSE
	EndGlobalSection
	GlobalSection(ExtensibilityGlobals) = postSolution
		SolutionGuid = {47845F99-CB50-4DB9-9262-4D857ADAA981}
	EndGlobalSection
EndGlobal
